{
  "nodes": {
    "nixpkgs": {
      "locked": {
        "lastModified": 1709228265,
        "narHash": "sha256-smzkHvYpuOQ0h0b7prfyRtOHIDnmxuTiuenQ9hV2PZM=",
        "owner": "nixos",
        "repo": "nixpkgs",
        "rev": "bc6d119bd0615780470db760bc2cb24ee4583102",
        "type": "github"
      },
      "original": {
        "owner": "nixos",
        "repo": "nixpkgs",
        "type": "github"
      }
    },
    "root": {
      "inputs": {
        "nixpkgs": "nixpkgs"
      }
    }
  },
  "root": "root",
  "version": 7
}
